
Microsoft Visual Studio Solution File, Format Version 12.00
# Visual Studio Version 16
VisualStudioVersion = 16.0.30320.27
MinimumVisualStudioVersion = 10.0.40219.1
Project("{9A19103F-16F7-4668-BE54-9A1E7A4F7556}") = "DomainLibrary", "DomainLibrary\DomainLibrary.csproj", "{8C06E824-6705-408C-802B-C257FEF3E299}"
EndProject
Project("{9A19103F-16F7-4668-BE54-9A1E7A4F7556}") = "ClientImporter", "ClientImporter\ClientImporter.csproj", "{9C3A9914-9643-4FE0-BF64-1482DD37D68C}"
EndProject
Project("{9A19103F-16F7-4668-BE54-9A1E7A4F7556}") = "DataLayer", "DataLayer\DataLayer.csproj", "{8018FD0C-AF60-4E6B-BFCC-BFD1B7317DB5}"
EndProject
Project("{9A19103F-16F7-4668-BE54-9A1E7A4F7556}") = "DomainTestLayer", "DomainTestLayer\DomainTestLayer.csproj", "{C154FA1E-1073-4C68-AA65-8073B8B63A21}"
EndProject
Project("{FAE04EC0-301F-11D3-BF4B-00C04F79EFBC}") = "WPFLayer", "WPFLayer\WPFLayer.csproj", "{EFCFE256-CE1D-4DDE-B5A4-C59E1109DAF3}"
EndProject
Global
	GlobalSection(SolutionConfigurationPlatforms) = preSolution
		Debug|Any CPU = Debug|Any CPU
		Release|Any CPU = Release|Any CPU
	EndGlobalSection
	GlobalSection(ProjectConfigurationPlatforms) = postSolution
		{8C06E824-6705-408C-802B-C257FEF3E299}.Debug|Any CPU.ActiveCfg = Debug|Any CPU
		{8C06E824-6705-408C-802B-C257FEF3E299}.Debug|Any CPU.Build.0 = Debug|Any CPU
		{8C06E824-6705-408C-802B-C257FEF3E299}.Release|Any CPU.ActiveCfg = Release|Any CPU
		{8C06E824-6705-408C-802B-C257FEF3E299}.Release|Any CPU.Build.0 = Release|Any CPU
		{9C3A9914-9643-4FE0-BF64-1482DD37D68C}.Debug|Any CPU.ActiveCfg = Debug|Any CPU
		{9C3A9914-9643-4FE0-BF64-1482DD37D68C}.Debug|Any CPU.Build.0 = Debug|Any CPU
		{9C3A9914-9643-4FE0-BF64-1482DD37D68C}.Release|Any CPU.ActiveCfg = Release|Any CPU
		{9C3A9914-9643-4FE0-BF64-1482DD37D68C}.Release|Any CPU.Build.0 = Release|Any CPU
		{8018FD0C-AF60-4E6B-BFCC-BFD1B7317DB5}.Debug|Any CPU.ActiveCfg = Debug|Any CPU
		{8018FD0C-AF60-4E6B-BFCC-BFD1B7317DB5}.Debug|Any CPU.Build.0 = Debug|Any CPU
		{8018FD0C-AF60-4E6B-BFCC-BFD1B7317DB5}.Release|Any CPU.ActiveCfg = Release|Any CPU
		{8018FD0C-AF60-4E6B-BFCC-BFD1B7317DB5}.Release|Any CPU.Build.0 = Release|Any CPU
		{C154FA1E-1073-4C68-AA65-8073B8B63A21}.Debug|Any CPU.ActiveCfg = Debug|Any CPU
		{C154FA1E-1073-4C68-AA65-8073B8B63A21}.Debug|Any CPU.Build.0 = Debug|Any CPU
		{C154FA1E-1073-4C68-AA65-8073B8B63A21}.Release|Any CPU.ActiveCfg = Release|Any CPU
		{C154FA1E-1073-4C68-AA65-8073B8B63A21}.Release|Any CPU.Build.0 = Release|Any CPU
		{EFCFE256-CE1D-4DDE-B5A4-C59E1109DAF3}.Debug|Any CPU.ActiveCfg = Debug|Any CPU
		{EFCFE256-CE1D-4DDE-B5A4-C59E1109DAF3}.Debug|Any CPU.Build.0 = Debug|Any CPU
		{EFCFE256-CE1D-4DDE-B5A4-C59E1109DAF3}.Release|Any CPU.ActiveCfg = Release|Any CPU
		{EFCFE256-CE1D-4DDE-B5A4-C59E1109DAF3}.Release|Any CPU.Build.0 = Release|Any CPU
	EndGlobalSection
	GlobalSection(SolutionProperties) = preSolution
		HideSolutionNode = FALSE
	EndGlobalSection
	GlobalSection(ExtensibilityGlobals) = postSolution
		SolutionGuid = {C897D48A-4388-4B45-B628-92B7FB28DD0B}
	EndGlobalSection
EndGlobal
